<Solution>
  <Configurations>
    <Platform Name="Any CPU" />
  </Configurations>
  <Folder Name="/Solution Items/">
    <File Path=".editorconfig" />
    <File Path=".gitattributes" />
    <File Path=".gitignore" />
    <File Path="LICENSE.md" />
    <File Path="README.md" />
  </Folder>
  <Folder Name="/src/">
    <Project Path="src/DatabaseFacade/DatabaseFacade.csproj" />
  </Folder>
  <Folder Name="/tests/">
    <Project Path="tests/DatabaseFacade.Tests/DatabaseFacade.Tests.csproj" />
  </Folder>
</Solution>
